// !$*UTF8*$!
{
	archiveVersion = 1;
	classes = {
	};
	objectVersion = 77;
	objects = {

/* Begin PBXContainerItemProxy section */
		A9E539B52DA8770B0031E4CA /* PBXContainerItemProxy */ = {
			isa = PBXContainerItemProxy;
			containerPortal = A9E539972DA877090031E4CA /* Project object */;
			proxyType = 1;
			remoteGlobalIDString = A9E5399E2DA877090031E4CA;
			remoteInfo = HierarchyViewer;
		};
		A9E539BF2DA8770B0031E4CA /* PBXContainerItemProxy */ = {
			isa = PBXContainerItemProxy;
			containerPortal = A9E539972DA877090031E4CA /* Project object */;
			proxyType = 1;
			remoteGlobalIDString = A9E5399E2DA877090031E4CA;
			remoteInfo = HierarchyViewer;
		};
/* End PBXContainerItemProxy section */

/* Begin PBXFileReference section */
		A9E5399F2DA877090031E4CA /* HierarchyViewer.app */ = {isa = PBXFileReference; explicitFileType = wrapper.application; includeInIndex = 0; path = HierarchyViewer.app; sourceTree = BUILT_PRODUCTS_DIR; };
		A9E539B42DA8770B0031E4CA /* HierarchyViewerTests.xctest */ = {isa = PBXFileReference; explicitFileType = wrapper.cfbundle; includeInIndex = 0; path = HierarchyViewerTests.xctest; sourceTree = BUILT_PRODUCTS_DIR; };
		A9E539BE2DA8770B0031E4CA /* HierarchyViewerUITests.xctest */ = {isa = PBXFileReference; explicitFileType = wrapper.cfbundle; includeInIndex = 0; path = HierarchyViewerUITests.xctest; sourceTree = BUILT_PRODUCTS_DIR; };
/* End PBXFileReference section */

/* Begin PBXFileSystemSynchronizedRootGroup section */
		A9E539A12DA877090031E4CA /* HierarchyViewer */ = {
			isa = PBXFileSystemSynchronizedRootGroup;
			path = HierarchyViewer;
			sourceTree = "<group>";
		};
		A9E539B72DA8770B0031E4CA /* HierarchyViewerTests */ = {
			isa = PBXFileSystemSynchronizedRootGroup;
			path = HierarchyViewerTests;
			sourceTree = "<group>";
		};
		A9E539C12DA8770B0031E4CA /* HierarchyViewerUITests */ = {
			isa = PBXFileSystemSynchronizedRootGroup;
			path = HierarchyViewerUITests;
			sourceTree = "<group>";
		};
/* End PBXFileSystemSynchronizedRootGroup section */

/* Begin PBXFrameworksBuildPhase section */
		A9E5399C2DA877090031E4CA /* Frameworks */ = {
			isa = PBXFrameworksBuildPhase;
			buildActionMask = 2147483647;
			files = (
			);
			runOnlyForDeploymentPostprocessing = 0;
		};
		A9E539B12DA8770B0031E4CA /* Frameworks */ = {
			isa = PBXFrameworksBuildPhase;
			buildActionMask = 2147483647;
			files = (
			);
			runOnlyForDeploymentPostprocessing = 0;
		};
		A9E539BB2DA8770B0031E4CA /* Frameworks */ = {
			isa = PBXFrameworksBuildPhase;
			buildActionMask = 2147483647;
			files = (
			);
			runOnlyForDeploymentPostprocessing = 0;
		};
/* End PBXFrameworksBuildPhase section */

/* Begin PBXGroup section */
		A9E539962DA877090031E4CA = {
			isa = PBXGroup;
			children = (
				A9E539A12DA877090031E4CA /* HierarchyViewer */,
				A9E539B72DA8770B0031E4CA /* HierarchyViewerTests */,
				A9E539C12DA8770B0031E4CA /* HierarchyViewerUITests */,
				A9E539A02DA877090031E4CA /* Products */,
			);
			sourceTree = "<group>";
		};
		A9E539A02DA877090031E4CA /* Products */ = {
			isa = PBXGroup;
			children = (
				A9E5399F2DA877090031E4CA /* HierarchyViewer.app */,
				A9E539B42DA8770B0031E4CA /* HierarchyViewerTests.xctest */,
				A9E539BE2DA8770B0031E4CA /* HierarchyViewerUITests.xctest */,
			);
			name = Products;
			sourceTree = "<group>";
		};
/* End PBXGroup section */

/* Begin PBXNativeTarget section */
		A9E5399E2DA877090031E4CA /* HierarchyViewer */ = {
			isa = PBXNativeTarget;
			buildConfigurationList = A9E539C82DA8770B0031E4CA /* Build configuration list for PBXNativeTarget "HierarchyViewer" */;
			buildPhases = (
				A9E5399B2DA877090031E4CA /* Sources */,
				A9E5399C2DA877090031E4CA /* Frameworks */,
				A9E5399D2DA877090031E4CA /* Resources */,
			);
			buildRules = (
			);
			dependencies = (
			);
			fileSystemSynchronizedGroups = (
				A9E539A12DA877090031E4CA /* HierarchyViewer */,
			);
			name = HierarchyViewer;
			packageProductDependencies = (
			);
			productName = HierarchyViewer;
			productReference = A9E5399F2DA877090031E4CA /* HierarchyViewer.app */;
			productType = "com.apple.product-type.application";
		};
		A9E539B32DA8770B0031E4CA /* HierarchyViewerTests */ = {
			isa = PBXNativeTarget;
			buildConfigurationList = A9E539CB2DA8770B0031E4CA /* Build configuration list for PBXNativeTarget "HierarchyViewerTests" */;
			buildPhases = (
				A9E539B02DA8770B0031E4CA /* Sources */,
				A9E539B12DA8770B0031E4CA /* Frameworks */,
				A9E539B22DA8770B0031E4CA /* Resources */,
			);
			buildRules = (
			);
			dependencies = (
				A9E539B62DA8770B0031E4CA /* PBXTargetDependency */,
			);
			fileSystemSynchronizedGroups = (
				A9E539B72DA8770B0031E4CA /* HierarchyViewerTests */,
			);
			name = HierarchyViewerTests;
			packageProductDependencies = (
			);
			productName = HierarchyViewerTests;
			productReference = A9E539B42DA8770B0031E4CA /* HierarchyViewerTests.xctest */;
			productType = "com.apple.product-type.bundle.unit-test";
		};
		A9E539BD2DA8770B0031E4CA /* HierarchyViewerUITests */ = {
			isa = PBXNativeTarget;
			buildConfigurationList = A9E539CE2DA8770B0031E4CA /* Build configuration list for PBXNativeTarget "HierarchyViewerUITests" */;
			buildPhases = (
				A9E539BA2DA8770B0031E4CA /* Sources */,
				A9E539BB2DA8770B0031E4CA /* Frameworks */,
				A9E539BC2DA8770B0031E4CA /* Resources */,
			);
			buildRules = (
			);
			dependencies = (
				A9E539C02DA8770B0031E4CA /* PBXTargetDependency */,
			);
			fileSystemSynchronizedGroups = (
				A9E539C12DA8770B0031E4CA /* HierarchyViewerUITests */,
			);
			name = HierarchyViewerUITests;
			packageProductDependencies = (
			);
			productName = HierarchyViewerUITests;
			productReference = A9E539BE2DA8770B0031E4CA /* HierarchyViewerUITests.xctest */;
			productType = "com.apple.product-type.bundle.ui-testing";
		};
/* End PBXNativeTarget section */

/* Begin PBXProject section */
		A9E539972DA877090031E4CA /* Project object */ = {
			isa = PBXProject;
			attributes = {
				BuildIndependentTargetsInParallel = 1;
				LastSwiftUpdateCheck = 1620;
				LastUpgradeCheck = 1620;
				TargetAttributes = {
					A9E5399E2DA877090031E4CA = {
						CreatedOnToolsVersion = 16.2;
					};
					A9E539B32DA8770B0031E4CA = {
						CreatedOnToolsVersion = 16.2;
						TestTargetID = A9E5399E2DA877090031E4CA;
					};
					A9E539BD2DA8770B0031E4CA = {
						CreatedOnToolsVersion = 16.2;
						TestTargetID = A9E5399E2DA877090031E4CA;
					};
				};
			};
			buildConfigurationList = A9E5399A2DA877090031E4CA /* Build configuration list for PBXProject "HierarchyViewer" */;
			developmentRegion = en;
			hasScannedForEncodings = 0;
			knownRegions = (
				en,
				Base,
			);
			mainGroup = A9E539962DA877090031E4CA;
			minimizedProjectReferenceProxies = 1;
			preferredProjectObjectVersion = 77;
			productRefGroup = A9E539A02DA877090031E4CA /* Products */;
			projectDirPath = "";
			projectRoot = "";
			targets = (
				A9E5399E2DA877090031E4CA /* HierarchyViewer */,
				A9E539B32DA8770B0031E4CA /* HierarchyViewerTests */,
				A9E539BD2DA8770B0031E4CA /* HierarchyViewerUITests */,
			);
		};
/* End PBXProject section */

/* Begin PBXResourcesBuildPhase section */
		A9E5399D2DA877090031E4CA /* Resources */ = {
			isa = PBXResourcesBuildPhase;
			buildActionMask = 2147483647;
			files = (
			);
			runOnlyForDeploymentPostprocessing = 0;
		};
		A9E539B22DA8770B0031E4CA /* Resources */ = {
			isa = PBXResourcesBuildPhase;
			buildActionMask = 2147483647;
			files = (
			);
			runOnlyForDeploymentPostprocessing = 0;
		};
		A9E539BC2DA8770B0031E4CA /* Resources */ = {
			isa = PBXResourcesBuildPhase;
			buildActionMask = 2147483647;
			files = (
			);
			runOnlyForDeploymentPostprocessing = 0;
		};
/* End PBXResourcesBuildPhase section */

/* Begin PBXSourcesBuildPhase section */
		A9E5399B2DA877090031E4CA /* Sources */ = {
			isa = PBXSourcesBuildPhase;
			buildActionMask = 2147483647;
			files = (
			);
			runOnlyForDeploymentPostprocessing = 0;
		};
		A9E539B02DA8770B0031E4CA /* Sources */ = {
			isa = PBXSourcesBuildPhase;
			buildActionMask = 2147483647;
			files = (
			);
			runOnlyForDeploymentPostprocessing = 0;
		};
		A9E539BA2DA8770B0031E4CA /* Sources */ = {
			isa = PBXSourcesBuildPhase;
			buildActionMask = 2147483647;
			files = (
			);
			runOnlyForDeploymentPostprocessing = 0;
		};
/* End PBXSourcesBuildPhase section */

/* Begin PBXTargetDependency section */
		A9E539B62DA8770B0031E4CA /* PBXTargetDependency */ = {
			isa = PBXTargetDependency;
			target = A9E5399E2DA877090031E4CA /* HierarchyViewer */;
			targetProxy = A9E539B52DA8770B0031E4CA /* PBXContainerItemProxy */;
		};
		A9E539C02DA8770B0031E4CA /* PBXTargetDependency */ = {
			isa = PBXTargetDependency;
			target = A9E5399E2DA877090031E4CA /* HierarchyViewer */;
			targetProxy = A9E539BF2DA8770B0031E4CA /* PBXContainerItemProxy */;
		};
/* End PBXTargetDependency section */

/* Begin XCBuildConfiguration section */
		A9E539C62DA8770B0031E4CA /* Debug */ = {
			isa = XCBuildConfiguration;
			buildSettings = {
				ALWAYS_SEARCH_USER_PATHS = NO;
				ASSETCATALOG_COMPILER_GENERATE_SWIFT_ASSET_SYMBOL_EXTENSIONS = YES;
				CLANG_ANALYZER_NONNULL = YES;
				CLANG_ANALYZER_NUMBER_OBJECT_CONVERSION = YES_AGGRESSIVE;
				CLANG_CXX_LANGUAGE_STANDARD = "gnu++20";
				CLANG_ENABLE_MODULES = YES;
				CLANG_ENABLE_OBJC_ARC = YES;
				CLANG_ENABLE_OBJC_WEAK = YES;
				CLANG_WARN_BLOCK_CAPTURE_AUTORELEASING = YES;
				CLANG_WARN_BOOL_CONVERSION = YES;
				CLANG_WARN_COMMA = YES;
				CLANG_WARN_CONSTANT_CONVERSION = YES;
				CLANG_WARN_DEPRECATED_OBJC_IMPLEMENTATIONS = YES;
				CLANG_WARN_DIRECT_OBJC_ISA_USAGE = YES_ERROR;
				CLANG_WARN_DOCUMENTATION_COMMENTS = YES;
				CLANG_WARN_EMPTY_BODY = YES;
				CLANG_WARN_ENUM_CONVERSION = YES;
				CLANG_WARN_INFINITE_RECURSION = YES;
				CLANG_WARN_INT_CONVERSION = YES;
				CLANG_WARN_NON_LITERAL_NULL_CONVERSION = YES;
				CLANG_WARN_OBJC_IMPLICIT_RETAIN_SELF = YES;
				CLANG_WARN_OBJC_LITERAL_CONVERSION = YES;
				CLANG_WARN_OBJC_ROOT_CLASS = YES_ERROR;
				CLANG_WARN_QUOTED_INCLUDE_IN_FRAMEWORK_HEADER = YES;
				CLANG_WARN_RANGE_LOOP_ANALYSIS = YES;
				CLANG_WARN_STRICT_PROTOTYPES = YES;
				CLANG_WARN_SUSPICIOUS_MOVE = YES;
				CLANG_WARN_UNGUARDED_AVAILABILITY = YES_AGGRESSIVE;
				CLANG_WARN_UNREACHABLE_CODE = YES;
				CLANG_WARN__DUPLICATE_METHOD_MATCH = YES;
				COPY_PHASE_STRIP = NO;
				DEBUG_INFORMATION_FORMAT = dwarf;
				ENABLE_STRICT_OBJC_MSGSEND = YES;
				ENABLE_TESTABILITY = YES;
				ENABLE_USER_SCRIPT_SANDBOXING = YES;
				GCC_C_LANGUAGE_STANDARD = gnu17;
				GCC_DYNAMIC_NO_PIC = NO;
				GCC_NO_COMMON_BLOCKS = YES;
				GCC_OPTIMIZATION_LEVEL = 0;
				GCC_PREPROCESSOR_DEFINITIONS = (
					"DEBUG=1",
					"$(inherited)",
				);
				GCC_WARN_64_TO_32_BIT_CONVERSION = YES;
				GCC_WARN_ABOUT_RETURN_TYPE = YES_ERROR;
				GCC_WARN_UNDECLARED_SELECTOR = YES;
				GCC_WARN_UNINITIALIZED_AUTOS = YES_AGGRESSIVE;
				GCC_WARN_UNUSED_FUNCTION = YES;
				GCC_WARN_UNUSED_VARIABLE = YES;
				IPHONEOS_DEPLOYMENT_TARGET = 18.2;
				LOCALIZATION_PREFERS_STRING_CATALOGS = YES;
				MTL_ENABLE_DEBUG_INFO = INCLUDE_SOURCE;
				MTL_FAST_MATH = YES;
				ONLY_ACTIVE_ARCH = YES;
				SDKROOT = iphoneos;
				SWIFT_ACTIVE_COMPILATION_CONDITIONS = "DEBUG $(inherited)";
				SWIFT_OPTIMIZATION_LEVEL = "-Onone";
			};
			name = Debug;
		};
		A9E539C72DA8770B0031E4CA /* Release */ = {
			isa = XCBuildConfiguration;
			buildSettings = {
				ALWAYS_SEARCH_USER_PATHS = NO;
				ASSETCATALOG_COMPILER_GENERATE_SWIFT_ASSET_SYMBOL_EXTENSIONS = YES;
				CLANG_ANALYZER_NONNULL = YES;
				CLANG_ANALYZER_NUMBER_OBJECT_CONVERSION = YES_AGGRESSIVE;
				CLANG_CXX_LANGUAGE_STANDARD = "gnu++20";
				CLANG_ENABLE_MODULES = YES;
				CLANG_ENABLE_OBJC_ARC = YES;
				CLANG_ENABLE_OBJC_WEAK = YES;
				CLANG_WARN_BLOCK_CAPTURE_AUTORELEASING = YES;
				CLANG_WARN_BOOL_CONVERSION = YES;
				CLANG_WARN_COMMA = YES;
				CLANG_WARN_CONSTANT_CONVERSION = YES;
				CLANG_WARN_DEPRECATED_OBJC_IMPLEMENTATIONS = YES;
				CLANG_WARN_DIRECT_OBJC_ISA_USAGE = YES_ERROR;
				CLANG_WARN_DOCUMENTATION_COMMENTS = YES;
				CLANG_WARN_EMPTY_BODY = YES;
				CLANG_WARN_ENUM_CONVERSION = YES;
				CLANG_WARN_INFINITE_RECURSION = YES;
				CLANG_WARN_INT_CONVERSION = YES;
				CLANG_WARN_NON_LITERAL_NULL_CONVERSION = YES;
				CLANG_WARN_OBJC_IMPLICIT_RETAIN_SELF = YES;
				CLANG_WARN_OBJC_LITERAL_CONVERSION = YES;
				CLANG_WARN_OBJC_ROOT_CLASS = YES_ERROR;
				CLANG_WARN_QUOTED_INCLUDE_IN_FRAMEWORK_HEADER = YES;
				CLANG_WARN_RANGE_LOOP_ANALYSIS = YES;
				CLANG_WARN_STRICT_PROTOTYPES = YES;
				CLANG_WARN_SUSPICIOUS_MOVE = YES;
				CLANG_WARN_UNGUARDED_AVAILABILITY = YES_AGGRESSIVE;
				CLANG_WARN_UNREACHABLE_CODE = YES;
				CLANG_WARN__DUPLICATE_METHOD_MATCH = YES;
				COPY_PHASE_STRIP = NO;
				DEBUG_INFORMATION_FORMAT = "dwarf-with-dsym";
				ENABLE_NS_ASSERTIONS = NO;
				ENABLE_STRICT_OBJC_MSGSEND = YES;
				ENABLE_USER_SCRIPT_SANDBOXING = YES;
				GCC_C_LANGUAGE_STANDARD = gnu17;
				GCC_NO_COMMON_BLOCKS = YES;
				GCC_WARN_64_TO_32_BIT_CONVERSION = YES;
				GCC_WARN_ABOUT_RETURN_TYPE = YES_ERROR;
				GCC_WARN_UNDECLARED_SELECTOR = YES;
				GCC_WARN_UNINITIALIZED_AUTOS = YES_AGGRESSIVE;
				GCC_WARN_UNUSED_FUNCTION = YES;
				GCC_WARN_UNUSED_VARIABLE = YES;
				IPHONEOS_DEPLOYMENT_TARGET = 18.2;
				LOCALIZATION_PREFERS_STRING_CATALOGS = YES;
				MTL_ENABLE_DEBUG_INFO = NO;
				MTL_FAST_MATH = YES;
				SDKROOT = iphoneos;
				SWIFT_COMPILATION_MODE = wholemodule;
				VALIDATE_PRODUCT = YES;
			};
			name = Release;
		};
		A9E539C92DA8770B0031E4CA /* Debug */ = {
			isa = XCBuildConfiguration;
			buildSettings = {
				ASSETCATALOG_COMPILER_APPICON_NAME = AppIcon;
				ASSETCATALOG_COMPILER_GLOBAL_ACCENT_COLOR_NAME = AccentColor;
				CODE_SIGN_STYLE = Automatic;
				CURRENT_PROJECT_VERSION = 1;
				DEVELOPMENT_ASSET_PATHS = "\"HierarchyViewer/Preview Content\"";
				DEVELOPMENT_TEAM = ZBYX689SHX;
				ENABLE_PREVIEWS = YES;
				GENERATE_INFOPLIST_FILE = YES;
				INFOPLIST_KEY_UIApplicationSceneManifest_Generation = YES;
				INFOPLIST_KEY_UIApplicationSupportsIndirectInputEvents = YES;
				INFOPLIST_KEY_UILaunchScreen_Generation = YES;
				INFOPLIST_KEY_UISupportedInterfaceOrientations_iPad = "UIInterfaceOrientationPortrait UIInterfaceOrientationPortraitUpsideDown UIInterfaceOrientationLandscapeLeft UIInterfaceOrientationLandscapeRight";
				INFOPLIST_KEY_UISupportedInterfaceOrientations_iPhone = "UIInterfaceOrientationPortrait UIInterfaceOrientationLandscapeLeft UIInterfaceOrientationLandscapeRight";
				LD_RUNPATH_SEARCH_PATHS = (
					"$(inherited)",
					"@executable_path/Frameworks",
				);
				MARKETING_VERSION = 1.0;
				PRODUCT_BUNDLE_IDENTIFIER = com.Lumiform.HierarchyViewer;
				PRODUCT_NAME = "$(TARGET_NAME)";
				SWIFT_EMIT_LOC_STRINGS = YES;
				SWIFT_VERSION = 5.0;
				TARGETED_DEVICE_FAMILY = "1,2";
			};
			name = Debug;
		};
		A9E539CA2DA8770B0031E4CA /* Release */ = {
			isa = XCBuildConfiguration;
			buildSettings = {
				ASSETCATALOG_COMPILER_APPICON_NAME = AppIcon;
				ASSETCATALOG_COMPILER_GLOBAL_ACCENT_COLOR_NAME = AccentColor;
				CODE_SIGN_STYLE = Automatic;
				CURRENT_PROJECT_VERSION = 1;
				DEVELOPMENT_ASSET_PATHS = "\"HierarchyViewer/Preview Content\"";
				DEVELOPMENT_TEAM = ZBYX689SHX;
				ENABLE_PREVIEWS = YES;
				GENERATE_INFOPLIST_FILE = YES;
				INFOPLIST_KEY_UIApplicationSceneManifest_Generation = YES;
				INFOPLIST_KEY_UIApplicationSupportsIndirectInputEvents = YES;
				INFOPLIST_KEY_UILaunchScreen_Generation = YES;
				INFOPLIST_KEY_UISupportedInterfaceOrientations_iPad = "UIInterfaceOrientationPortrait UIInterfaceOrientationPortraitUpsideDown UIInterfaceOrientationLandscapeLeft UIInterfaceOrientationLandscapeRight";
				INFOPLIST_KEY_UISupportedInterfaceOrientations_iPhone = "UIInterfaceOrientationPortrait UIInterfaceOrientationLandscapeLeft UIInterfaceOrientationLandscapeRight";
				LD_RUNPATH_SEARCH_PATHS = (
					"$(inherited)",
					"@executable_path/Frameworks",
				);
				MARKETING_VERSION = 1.0;
				PRODUCT_BUNDLE_IDENTIFIER = com.Lumiform.HierarchyViewer;
				PRODUCT_NAME = "$(TARGET_NAME)";
				SWIFT_EMIT_LOC_STRINGS = YES;
				SWIFT_VERSION = 5.0;
				TARGETED_DEVICE_FAMILY = "1,2";
			};
			name = Release;
		};
		A9E539CC2DA8770B0031E4CA /* Debug */ = {
			isa = XCBuildConfiguration;
			buildSettings = {
				BUNDLE_LOADER = "$(TEST_HOST)";
				CODE_SIGN_STYLE = Automatic;
				CURRENT_PROJECT_VERSION = 1;
				DEVELOPMENT_TEAM = ZBYX689SHX;
				GENERATE_INFOPLIST_FILE = YES;
				IPHONEOS_DEPLOYMENT_TARGET = 18.2;
				MARKETING_VERSION = 1.0;
				PRODUCT_BUNDLE_IDENTIFIER = com.Lumiform.HierarchyViewerTests;
				PRODUCT_NAME = "$(TARGET_NAME)";
				SWIFT_EMIT_LOC_STRINGS = NO;
				SWIFT_VERSION = 5.0;
				TARGETED_DEVICE_FAMILY = "1,2";
				TEST_HOST = "$(BUILT_PRODUCTS_DIR)/HierarchyViewer.app/$(BUNDLE_EXECUTABLE_FOLDER_PATH)/HierarchyViewer";
			};
			name = Debug;
		};
		A9E539CD2DA8770B0031E4CA /* Release */ = {
			isa = XCBuildConfiguration;
			buildSettings = {
				BUNDLE_LOADER = "$(TEST_HOST)";
				CODE_SIGN_STYLE = Automatic;
				CURRENT_PROJECT_VERSION = 1;
				DEVELOPMENT_TEAM = ZBYX689SHX;
				GENERATE_INFOPLIST_FILE = YES;
				IPHONEOS_DEPLOYMENT_TARGET = 18.2;
				MARKETING_VERSION = 1.0;
				PRODUCT_BUNDLE_IDENTIFIER = com.Lumiform.HierarchyViewerTests;
				PRODUCT_NAME = "$(TARGET_NAME)";
				SWIFT_EMIT_LOC_STRINGS = NO;
				SWIFT_VERSION = 5.0;
				TARGETED_DEVICE_FAMILY = "1,2";
				TEST_HOST = "$(BUILT_PRODUCTS_DIR)/HierarchyViewer.app/$(BUNDLE_EXECUTABLE_FOLDER_PATH)/HierarchyViewer";
			};
			name = Release;
		};
		A9E539CF2DA8770B0031E4CA /* Debug */ = {
			isa = XCBuildConfiguration;
			buildSettings = {
				CODE_SIGN_STYLE = Automatic;
				CURRENT_PROJECT_VERSION = 1;
				DEVELOPMENT_TEAM = ZBYX689SHX;
				GENERATE_INFOPLIST_FILE = YES;
				MARKETING_VERSION = 1.0;
				PRODUCT_BUNDLE_IDENTIFIER = com.Lumiform.HierarchyViewerUITests;
				PRODUCT_NAME = "$(TARGET_NAME)";
				SWIFT_EMIT_LOC_STRINGS = NO;
				SWIFT_VERSION = 5.0;
				TARGETED_DEVICE_FAMILY = "1,2";
				TEST_TARGET_NAME = HierarchyViewer;
			};
			name = Debug;
		};
		A9E539D02DA8770B0031E4CA /* Release */ = {
			isa = XCBuildConfiguration;
			buildSettings = {
				CODE_SIGN_STYLE = Automatic;
				CURRENT_PROJECT_VERSION = 1;
				DEVELOPMENT_TEAM = ZBYX689SHX;
				GENERATE_INFOPLIST_FILE = YES;
				MARKETING_VERSION = 1.0;
				PRODUCT_BUNDLE_IDENTIFIER = com.Lumiform.HierarchyViewerUITests;
				PRODUCT_NAME = "$(TARGET_NAME)";
				SWIFT_EMIT_LOC_STRINGS = NO;
				SWIFT_VERSION = 5.0;
				TARGETED_DEVICE_FAMILY = "1,2";
				TEST_TARGET_NAME = HierarchyViewer;
			};
			name = Release;
		};
/* End XCBuildConfiguration section */

/* Begin XCConfigurationList section */
		A9E5399A2DA877090031E4CA /* Build configuration list for PBXProject "HierarchyViewer" */ = {
			isa = XCConfigurationList;
			buildConfigurations = (
				A9E539C62DA8770B0031E4CA /* Debug */,
				A9E539C72DA8770B0031E4CA /* Release */,
			);
			defaultConfigurationIsVisible = 0;
			defaultConfigurationName = Release;
		};
		A9E539C82DA8770B0031E4CA /* Build configuration list for PBXNativeTarget "HierarchyViewer" */ = {
			isa = XCConfigurationList;
			buildConfigurations = (
				A9E539C92DA8770B0031E4CA /* Debug */,
				A9E539CA2DA8770B0031E4CA /* Release */,
			);
			defaultConfigurationIsVisible = 0;
			defaultConfigurationName = Release;
		};
		A9E539CB2DA8770B0031E4CA /* Build configuration list for PBXNativeTarget "HierarchyViewerTests" */ = {
			isa = XCConfigurationList;
			buildConfigurations = (
				A9E539CC2DA8770B0031E4CA /* Debug */,
				A9E539CD2DA8770B0031E4CA /* Release */,
			);
			defaultConfigurationIsVisible = 0;
			defaultConfigurationName = Release;
		};
		A9E539CE2DA8770B0031E4CA /* Build configuration list for PBXNativeTarget "HierarchyViewerUITests" */ = {
			isa = XCConfigurationList;
			buildConfigurations = (
				A9E539CF2DA8770B0031E4CA /* Debug */,
				A9E539D02DA8770B0031E4CA /* Release */,
			);
			defaultConfigurationIsVisible = 0;
			defaultConfigurationName = Release;
		};
/* End XCConfigurationList section */
	};
	rootObject = A9E539972DA877090031E4CA /* Project object */;
}
